{
  "version": 4,
  "terraform_version": "1.4.6",
  "serial": 9,
  "lineage": "dafbe2ac-3a23-f99b-485d-318f66eec680",
  "outputs": {},
  "resources": [
    {
      "mode": "data",
      "type": "azurerm_client_config",
      "name": "current",
      "provider": "provider[\"registry.terraform.io/hashicorp/azurerm\"]",
      "instances": [
        {
          "schema_version": 0,
          "attributes": {
            "client_id": "04b07795-8ddb-461a-bbee-02f9e1bf7b46",
            "id": "Y2xpZW50Q29uZmlncy9jbGllbnRJZD0wNGIwNzc5NS04ZGRiLTQ2MWEtYmJlZS0wMmY5ZTFiZjdiNDY7b2JqZWN0SWQ9ZmU0NjkxNmQtNjM3Yi00N2E1LTlkNzEtMjkzZTE5NzE1ZDFmO3N1YnNjcmlwdGlvbklkPTkzMzVjYTA2LWZhMDUtNDI5ZC1hZWQ5LWJhM2ZlMzE1N2U5Nzt0ZW5hbnRJZD0zMGEwM2IxNC1jNjY3LTRlZGMtODNjNS1lYTQ4YTc3M2U0NGI=",
            "object_id": "fe46916d-637b-47a5-9d71-293e19715d1f",
            "subscription_id": "9335ca06-fa05-429d-aed9-ba3fe3157e97",
            "tenant_id": "30a03b14-c667-4edc-83c5-ea48a773e44b",
            "timeouts": null
          },
          "sensitive_attributes": []
        }
      ]
    },
    {
      "mode": "managed",
      "type": "azurerm_resource_group",
      "name": "rg",
      "provider": "provider[\"registry.terraform.io/hashicorp/azurerm\"]",
      "instances": [
        {
          "schema_version": 0,
          "attributes": {
            "id": "/subscriptions/9335ca06-fa05-429d-aed9-ba3fe3157e97/resourceGroups/workshop",
            "location": "norwayeast",
            "managed_by": "",
            "name": "workshop",
            "tags": {
              "Author": "Yasir Abbasi",
              "Backup": "False",
              "Department": "DevOps",
              "Environment": "test"
            },
            "timeouts": null
          },
          "sensitive_attributes": [],
          "private": "eyJlMmJmYjczMC1lY2FhLTExZTYtOGY4OC0zNDM2M2JjN2M0YzAiOnsiY3JlYXRlIjo1NDAwMDAwMDAwMDAwLCJkZWxldGUiOjU0MDAwMDAwMDAwMDAsInJlYWQiOjMwMDAwMDAwMDAwMCwidXBkYXRlIjo1NDAwMDAwMDAwMDAwfX0="
        }
      ]
    },
    {
      "mode": "managed",
      "type": "azurerm_storage_account",
      "name": "terraform",
      "provider": "provider[\"registry.terraform.io/hashicorp/azurerm\"]",
      "instances": [
        {
          "schema_version": 4,
          "attributes": {
            "access_tier": "Hot",
            "account_kind": "StorageV2",
            "account_replication_type": "LRS",
            "account_tier": "Standard",
            "allow_nested_items_to_be_public": true,
            "allowed_copy_scope": "",
            "azure_files_authentication": [],
            "blob_properties": [
              {
                "change_feed_enabled": false,
                "change_feed_retention_in_days": 0,
                "container_delete_retention_policy": [],
                "cors_rule": [],
                "default_service_version": "",
                "delete_retention_policy": [],
                "last_access_time_enabled": false,
                "restore_policy": [],
                "versioning_enabled": false
              }
            ],
            "cross_tenant_replication_enabled": true,
            "custom_domain": [],
            "customer_managed_key": [],
            "default_to_oauth_authentication": false,
            "edge_zone": "",
            "enable_https_traffic_only": true,
            "id": "/subscriptions/9335ca06-fa05-429d-aed9-ba3fe3157e97/resourceGroups/workshop/providers/Microsoft.Storage/storageAccounts/terraformworkshop2023",
            "identity": [],
            "immutability_policy": [],
            "infrastructure_encryption_enabled": false,
            "is_hns_enabled": false,
            "large_file_share_enabled": null,
            "location": "norwayeast",
            "min_tls_version": "TLS1_2",
            "name": "terraformworkshop2023",
            "network_rules": [
              {
                "bypass": [
                  "AzureServices"
                ],
                "default_action": "Allow",
                "ip_rules": [],
                "private_link_access": [],
                "virtual_network_subnet_ids": []
              }
            ],
            "nfsv3_enabled": false,
            "primary_access_key": "iuFIuuwHybzxmkP9ccyaObEB0K4jlPlyD+ruV0NKolQukPglfF7m/pIn8PIrdLUnpa9DXHq87E7J+AStvx9Rfw==",
            "primary_blob_connection_string": "DefaultEndpointsProtocol=https;BlobEndpoint=https://terraformworkshop2023.blob.core.windows.net/;AccountName=terraformworkshop2023;AccountKey=iuFIuuwHybzxmkP9ccyaObEB0K4jlPlyD+ruV0NKolQukPglfF7m/pIn8PIrdLUnpa9DXHq87E7J+AStvx9Rfw==",
            "primary_blob_endpoint": "https://terraformworkshop2023.blob.core.windows.net/",
            "primary_blob_host": "terraformworkshop2023.blob.core.windows.net",
            "primary_connection_string": "DefaultEndpointsProtocol=https;AccountName=terraformworkshop2023;AccountKey=iuFIuuwHybzxmkP9ccyaObEB0K4jlPlyD+ruV0NKolQukPglfF7m/pIn8PIrdLUnpa9DXHq87E7J+AStvx9Rfw==;EndpointSuffix=core.windows.net",
            "primary_dfs_endpoint": "https://terraformworkshop2023.dfs.core.windows.net/",
            "primary_dfs_host": "terraformworkshop2023.dfs.core.windows.net",
            "primary_file_endpoint": "https://terraformworkshop2023.file.core.windows.net/",
            "primary_file_host": "terraformworkshop2023.file.core.windows.net",
            "primary_location": "norwayeast",
            "primary_queue_endpoint": "https://terraformworkshop2023.queue.core.windows.net/",
            "primary_queue_host": "terraformworkshop2023.queue.core.windows.net",
            "primary_table_endpoint": "https://terraformworkshop2023.table.core.windows.net/",
            "primary_table_host": "terraformworkshop2023.table.core.windows.net",
            "primary_web_endpoint": "https://terraformworkshop2023.z1.web.core.windows.net/",
            "primary_web_host": "terraformworkshop2023.z1.web.core.windows.net",
            "public_network_access_enabled": true,
            "queue_encryption_key_type": "Service",
            "queue_properties": [
              {
                "cors_rule": [],
                "hour_metrics": [
                  {
                    "enabled": true,
                    "include_apis": true,
                    "retention_policy_days": 7,
                    "version": "1.0"
                  }
                ],
                "logging": [
                  {
                    "delete": false,
                    "read": false,
                    "retention_policy_days": 0,
                    "version": "1.0",
                    "write": false
                  }
                ],
                "minute_metrics": [
                  {
                    "enabled": false,
                    "include_apis": false,
                    "retention_policy_days": 0,
                    "version": "1.0"
                  }
                ]
              }
            ],
            "resource_group_name": "workshop",
            "routing": [],
            "sas_policy": [],
            "secondary_access_key": "civQn5x/R9lHFPoezYRPL1gcUxe44zAG0yEqHlVQGXhC2Q+0H1A0IQxYXPeJGclBKWZWsTop8YK3+ASt5wzlcw==",
            "secondary_blob_connection_string": "",
            "secondary_blob_endpoint": null,
            "secondary_blob_host": null,
            "secondary_connection_string": "DefaultEndpointsProtocol=https;AccountName=terraformworkshop2023;AccountKey=civQn5x/R9lHFPoezYRPL1gcUxe44zAG0yEqHlVQGXhC2Q+0H1A0IQxYXPeJGclBKWZWsTop8YK3+ASt5wzlcw==;EndpointSuffix=core.windows.net",
            "secondary_dfs_endpoint": null,
            "secondary_dfs_host": null,
            "secondary_file_endpoint": null,
            "secondary_file_host": null,
            "secondary_location": "",
            "secondary_queue_endpoint": null,
            "secondary_queue_host": null,
            "secondary_table_endpoint": null,
            "secondary_table_host": null,
            "secondary_web_endpoint": null,
            "secondary_web_host": null,
            "sftp_enabled": false,
            "share_properties": [
              {
                "cors_rule": [],
                "retention_policy": [
                  {
                    "days": 7
                  }
                ],
                "smb": []
              }
            ],
            "shared_access_key_enabled": true,
            "static_website": [],
            "table_encryption_key_type": "Service",
            "tags": {
              "Author": "Yasir Abbasi",
              "Backup": "False",
              "Department": "DevOps",
              "Environment": "test"
            },
            "timeouts": null
          },
          "sensitive_attributes": [],
          "private": "eyJlMmJmYjczMC1lY2FhLTExZTYtOGY4OC0zNDM2M2JjN2M0YzAiOnsiY3JlYXRlIjozNjAwMDAwMDAwMDAwLCJkZWxldGUiOjM2MDAwMDAwMDAwMDAsInJlYWQiOjMwMDAwMDAwMDAwMCwidXBkYXRlIjozNjAwMDAwMDAwMDAwfSwic2NoZW1hX3ZlcnNpb24iOiI0In0=",
          "dependencies": [
            "azurerm_resource_group.rg"
          ]
        }
      ]
    }
  ],
  "check_results": null
}
